// !$*UTF8*$!
{
	archiveVersion = 1;
	classes = {
	};
	objectVersion = 46;
	objects = {

/* Begin PBXBuildFile section */
		D074DCF11ACD1597008EF8D1 /* Config.cpp in Sources */ = {isa = PBXBuildFile; fileRef = D074DCEF1ACD1597008EF8D1 /* Config.cpp */; };
		D074DCF41ACD3127008EF8D1 /* WebAuth.cpp in Sources */ = {isa = PBXBuildFile; fileRef = D074DCF21ACD3127008EF8D1 /* WebAuth.cpp */; };
		D074DCF71ACD313C008EF8D1 /* FileOperation.cpp in Sources */ = {isa = PBXBuildFile; fileRef = D074DCF51ACD313C008EF8D1 /* FileOperation.cpp */; };
		D074DCFA1ACD3E7D008EF8D1 /* tool.cpp in Sources */ = {isa = PBXBuildFile; fileRef = D074DCF81ACD3E7D008EF8D1 /* tool.cpp */; };
		D074DCFF1ACE8723008EF8D1 /* libleveldb.a in Frameworks */ = {isa = PBXBuildFile; fileRef = D074DCFE1ACE8723008EF8D1 /* libleveldb.a */; };
		D074DD071ACFC834008EF8D1 /* Level.cpp in Sources */ = {isa = PBXBuildFile; fileRef = D074DD051ACFC834008EF8D1 /* Level.cpp */; };
		D074DD151AD2A88D008EF8D1 /* Dropbox.cpp in Sources */ = {isa = PBXBuildFile; fileRef = D074DD131AD2A88D008EF8D1 /* Dropbox.cpp */; };
		D074DD1C1AD2B685008EF8D1 /* OneDrive.cpp in Sources */ = {isa = PBXBuildFile; fileRef = D074DD1A1AD2B685008EF8D1 /* OneDrive.cpp */; };
		D074DD1F1AD2B68F008EF8D1 /* Box.cpp in Sources */ = {isa = PBXBuildFile; fileRef = D074DD1D1AD2B68F008EF8D1 /* Box.cpp */; };
		D0D128C51AD5393B00709F4A /* rabinpoly.c in Sources */ = {isa = PBXBuildFile; fileRef = D0D128C31AD5393B00709F4A /* rabinpoly.c */; };
		D0FE2FFF1AC9438500DA877B /* main.cpp in Sources */ = {isa = PBXBuildFile; fileRef = D0FE2FFE1AC9438500DA877B /* main.cpp */; };
/* End PBXBuildFile section */

/* Begin PBXCopyFilesBuildPhase section */
		D0FE2FF91AC9438500DA877B /* CopyFiles */ = {
			isa = PBXCopyFilesBuildPhase;
			buildActionMask = 2147483647;
			dstPath = /usr/share/man/man1/;
			dstSubfolderSpec = 0;
			files = (
			);
			runOnlyForDeploymentPostprocessing = 1;
		};
/* End PBXCopyFilesBuildPhase section */

/* Begin PBXFileReference section */
		D074DCEF1ACD1597008EF8D1 /* Config.cpp */ = {isa = PBXFileReference; fileEncoding = 4; lastKnownFileType = sourcecode.cpp.cpp; path = Config.cpp; sourceTree = "<group>"; };
		D074DCF01ACD1597008EF8D1 /* Config.h */ = {isa = PBXFileReference; fileEncoding = 4; lastKnownFileType = sourcecode.c.h; path = Config.h; sourceTree = "<group>"; };
		D074DCF21ACD3127008EF8D1 /* WebAuth.cpp */ = {isa = PBXFileReference; fileEncoding = 4; lastKnownFileType = sourcecode.cpp.cpp; path = WebAuth.cpp; sourceTree = "<group>"; };
		D074DCF31ACD3127008EF8D1 /* WebAuth.h */ = {isa = PBXFileReference; fileEncoding = 4; lastKnownFileType = sourcecode.c.h; path = WebAuth.h; sourceTree = "<group>"; };
		D074DCF51ACD313C008EF8D1 /* FileOperation.cpp */ = {isa = PBXFileReference; fileEncoding = 4; lastKnownFileType = sourcecode.cpp.cpp; path = FileOperation.cpp; sourceTree = "<group>"; };
		D074DCF61ACD313C008EF8D1 /* FileOperation.h */ = {isa = PBXFileReference; fileEncoding = 4; lastKnownFileType = sourcecode.c.h; path = FileOperation.h; sourceTree = "<group>"; };
		D074DCF81ACD3E7D008EF8D1 /* tool.cpp */ = {isa = PBXFileReference; fileEncoding = 4; lastKnownFileType = sourcecode.cpp.cpp; path = tool.cpp; sourceTree = "<group>"; };
		D074DCF91ACD3E7D008EF8D1 /* tool.h */ = {isa = PBXFileReference; fileEncoding = 4; lastKnownFileType = sourcecode.c.h; path = tool.h; sourceTree = "<group>"; };
		D074DCFD1ACD5E2F008EF8D1 /* define.h */ = {isa = PBXFileReference; lastKnownFileType = sourcecode.c.h; path = define.h; sourceTree = "<group>"; };
		D074DCFE1ACE8723008EF8D1 /* libleveldb.a */ = {isa = PBXFileReference; lastKnownFileType = archive.ar; name = libleveldb.a; path = leveldb/libleveldb.a; sourceTree = "<group>"; };
		D074DD051ACFC834008EF8D1 /* Level.cpp */ = {isa = PBXFileReference; fileEncoding = 4; lastKnownFileType = sourcecode.cpp.cpp; path = Level.cpp; sourceTree = "<group>"; };
		D074DD061ACFC834008EF8D1 /* Level.h */ = {isa = PBXFileReference; fileEncoding = 4; lastKnownFileType = sourcecode.c.h; path = Level.h; sourceTree = "<group>"; };
		D074DD131AD2A88D008EF8D1 /* Dropbox.cpp */ = {isa = PBXFileReference; fileEncoding = 4; lastKnownFileType = sourcecode.cpp.cpp; path = Dropbox.cpp; sourceTree = "<group>"; };
		D074DD141AD2A88D008EF8D1 /* Dropbox.h */ = {isa = PBXFileReference; fileEncoding = 4; lastKnownFileType = sourcecode.c.h; path = Dropbox.h; sourceTree = "<group>"; };
		D074DD1A1AD2B685008EF8D1 /* OneDrive.cpp */ = {isa = PBXFileReference; fileEncoding = 4; lastKnownFileType = sourcecode.cpp.cpp; path = OneDrive.cpp; sourceTree = "<group>"; };
		D074DD1B1AD2B685008EF8D1 /* OneDrive.h */ = {isa = PBXFileReference; fileEncoding = 4; lastKnownFileType = sourcecode.c.h; path = OneDrive.h; sourceTree = "<group>"; };
		D074DD1D1AD2B68F008EF8D1 /* Box.cpp */ = {isa = PBXFileReference; fileEncoding = 4; lastKnownFileType = sourcecode.cpp.cpp; path = Box.cpp; sourceTree = "<group>"; };
		D074DD1E1AD2B68F008EF8D1 /* Box.h */ = {isa = PBXFileReference; fileEncoding = 4; lastKnownFileType = sourcecode.c.h; path = Box.h; sourceTree = "<group>"; };
		D074DD201AD3BA13008EF8D1 /* CloudStorage.h */ = {isa = PBXFileReference; lastKnownFileType = sourcecode.c.h; path = CloudStorage.h; sourceTree = "<group>"; };
		D0D128C31AD5393B00709F4A /* rabinpoly.c */ = {isa = PBXFileReference; fileEncoding = 4; lastKnownFileType = sourcecode.c.c; name = rabinpoly.c; path = rabinpoly/rabinpoly.c; sourceTree = SOURCE_ROOT; };
		D0D128C41AD5393B00709F4A /* rabinpoly.h */ = {isa = PBXFileReference; fileEncoding = 4; lastKnownFileType = sourcecode.c.h; name = rabinpoly.h; path = rabinpoly/rabinpoly.h; sourceTree = SOURCE_ROOT; };
		D0D128C61AD657F800709F4A /* Chunk.h */ = {isa = PBXFileReference; lastKnownFileType = sourcecode.c.h; path = Chunk.h; sourceTree = "<group>"; };
		D0FE2FFB1AC9438500DA877B /* deduplicatus-cli */ = {isa = PBXFileReference; explicitFileType = "compiled.mach-o.executable"; includeInIndex = 0; path = "deduplicatus-cli"; sourceTree = BUILT_PRODUCTS_DIR; };
		D0FE2FFE1AC9438500DA877B /* main.cpp */ = {isa = PBXFileReference; lastKnownFileType = sourcecode.cpp.cpp; path = main.cpp; sourceTree = "<group>"; };
/* End PBXFileReference section */

/* Begin PBXFrameworksBuildPhase section */
		D0FE2FF81AC9438500DA877B /* Frameworks */ = {
			isa = PBXFrameworksBuildPhase;
			buildActionMask = 2147483647;
			files = (
				D074DCFF1ACE8723008EF8D1 /* libleveldb.a in Frameworks */,
			);
			runOnlyForDeploymentPostprocessing = 0;
		};
/* End PBXFrameworksBuildPhase section */

/* Begin PBXGroup section */
		D074DD0B1AD2A719008EF8D1 /* CloudStorage */ = {
			isa = PBXGroup;
			children = (
				D074DD131AD2A88D008EF8D1 /* Dropbox.cpp */,
				D074DD141AD2A88D008EF8D1 /* Dropbox.h */,
				D074DD1A1AD2B685008EF8D1 /* OneDrive.cpp */,
				D074DD1B1AD2B685008EF8D1 /* OneDrive.h */,
				D074DD1D1AD2B68F008EF8D1 /* Box.cpp */,
				D074DD1E1AD2B68F008EF8D1 /* Box.h */,
			);
			name = CloudStorage;
			sourceTree = "<group>";
		};
		D0FE2FF21AC9438500DA877B = {
			isa = PBXGroup;
			children = (
				D074DCFE1ACE8723008EF8D1 /* libleveldb.a */,
				D0FE2FFD1AC9438500DA877B /* deduplicatus-cli */,
				D0FE2FFC1AC9438500DA877B /* Products */,
			);
			sourceTree = "<group>";
		};
		D0FE2FFC1AC9438500DA877B /* Products */ = {
			isa = PBXGroup;
			children = (
				D0FE2FFB1AC9438500DA877B /* deduplicatus-cli */,
			);
			name = Products;
			sourceTree = "<group>";
		};
		D0FE2FFD1AC9438500DA877B /* deduplicatus-cli */ = {
			isa = PBXGroup;
			children = (
				D074DD0B1AD2A719008EF8D1 /* CloudStorage */,
				D0FE2FFE1AC9438500DA877B /* main.cpp */,
				D074DD201AD3BA13008EF8D1 /* CloudStorage.h */,
				D074DCEF1ACD1597008EF8D1 /* Config.cpp */,
				D074DCF01ACD1597008EF8D1 /* Config.h */,
				D074DD051ACFC834008EF8D1 /* Level.cpp */,
				D074DD061ACFC834008EF8D1 /* Level.h */,
				D074DCF21ACD3127008EF8D1 /* WebAuth.cpp */,
				D074DCF31ACD3127008EF8D1 /* WebAuth.h */,
				D074DCF51ACD313C008EF8D1 /* FileOperation.cpp */,
				D074DCF61ACD313C008EF8D1 /* FileOperation.h */,
				D074DCF81ACD3E7D008EF8D1 /* tool.cpp */,
				D074DCF91ACD3E7D008EF8D1 /* tool.h */,
				D074DCFD1ACD5E2F008EF8D1 /* define.h */,
				D0D128C31AD5393B00709F4A /* rabinpoly.c */,
				D0D128C41AD5393B00709F4A /* rabinpoly.h */,
				D0D128C61AD657F800709F4A /* Chunk.h */,
			);
			path = "deduplicatus-cli";
			sourceTree = "<group>";
		};
/* End PBXGroup section */

/* Begin PBXNativeTarget section */
		D0FE2FFA1AC9438500DA877B /* deduplicatus-cli */ = {
			isa = PBXNativeTarget;
			buildConfigurationList = D0FE30021AC9438500DA877B /* Build configuration list for PBXNativeTarget "deduplicatus-cli" */;
			buildPhases = (
				D0FE2FF71AC9438500DA877B /* Sources */,
				D0FE2FF81AC9438500DA877B /* Frameworks */,
				D0FE2FF91AC9438500DA877B /* CopyFiles */,
			);
			buildRules = (
			);
			dependencies = (
			);
			name = "deduplicatus-cli";
			productName = "deduplicatus-cli";
			productReference = D0FE2FFB1AC9438500DA877B /* deduplicatus-cli */;
			productType = "com.apple.product-type.tool";
		};
/* End PBXNativeTarget section */

/* Begin PBXProject section */
		D0FE2FF31AC9438500DA877B /* Project object */ = {
			isa = PBXProject;
			attributes = {
				LastUpgradeCheck = 0620;
				ORGANIZATIONNAME = "Peter Lam";
				TargetAttributes = {
					D0FE2FFA1AC9438500DA877B = {
						CreatedOnToolsVersion = 6.2;
					};
				};
			};
			buildConfigurationList = D0FE2FF61AC9438500DA877B /* Build configuration list for PBXProject "deduplicatus-cli" */;
			compatibilityVersion = "Xcode 3.2";
			developmentRegion = English;
			hasScannedForEncodings = 0;
			knownRegions = (
				en,
			);
			mainGroup = D0FE2FF21AC9438500DA877B;
			productRefGroup = D0FE2FFC1AC9438500DA877B /* Products */;
			projectDirPath = "";
			projectRoot = "";
			targets = (
				D0FE2FFA1AC9438500DA877B /* deduplicatus-cli */,
			);
		};
/* End PBXProject section */

/* Begin PBXSourcesBuildPhase section */
		D0FE2FF71AC9438500DA877B /* Sources */ = {
			isa = PBXSourcesBuildPhase;
			buildActionMask = 2147483647;
			files = (
				D074DD071ACFC834008EF8D1 /* Level.cpp in Sources */,
				D074DD1C1AD2B685008EF8D1 /* OneDrive.cpp in Sources */,
				D0FE2FFF1AC9438500DA877B /* main.cpp in Sources */,
				D074DD151AD2A88D008EF8D1 /* Dropbox.cpp in Sources */,
				D0D128C51AD5393B00709F4A /* rabinpoly.c in Sources */,
				D074DCF41ACD3127008EF8D1 /* WebAuth.cpp in Sources */,
				D074DCF11ACD1597008EF8D1 /* Config.cpp in Sources */,
				D074DD1F1AD2B68F008EF8D1 /* Box.cpp in Sources */,
				D074DCFA1ACD3E7D008EF8D1 /* tool.cpp in Sources */,
				D074DCF71ACD313C008EF8D1 /* FileOperation.cpp in Sources */,
			);
			runOnlyForDeploymentPostprocessing = 0;
		};
/* End PBXSourcesBuildPhase section */

/* Begin XCBuildConfiguration section */
		D0FE30001AC9438500DA877B /* Debug */ = {
			isa = XCBuildConfiguration;
			buildSettings = {
				ALWAYS_SEARCH_USER_PATHS = NO;
				CLANG_CXX_LANGUAGE_STANDARD = "gnu++0x";
				CLANG_CXX_LIBRARY = "libc++";
				CLANG_ENABLE_MODULES = YES;
				CLANG_ENABLE_OBJC_ARC = YES;
				CLANG_WARN_BOOL_CONVERSION = YES;
				CLANG_WARN_CONSTANT_CONVERSION = YES;
				CLANG_WARN_DIRECT_OBJC_ISA_USAGE = YES_ERROR;
				CLANG_WARN_EMPTY_BODY = YES;
				CLANG_WARN_ENUM_CONVERSION = YES;
				CLANG_WARN_INT_CONVERSION = YES;
				CLANG_WARN_OBJC_ROOT_CLASS = YES_ERROR;
				CLANG_WARN_UNREACHABLE_CODE = YES;
				CLANG_WARN__DUPLICATE_METHOD_MATCH = YES;
				COPY_PHASE_STRIP = NO;
				ENABLE_STRICT_OBJC_MSGSEND = YES;
				GCC_C_LANGUAGE_STANDARD = gnu99;
				GCC_DYNAMIC_NO_PIC = NO;
				GCC_OPTIMIZATION_LEVEL = 0;
				GCC_PREPROCESSOR_DEFINITIONS = (
					"DEBUG=1",
					"$(inherited)",
				);
				GCC_SYMBOLS_PRIVATE_EXTERN = NO;
				GCC_WARN_64_TO_32_BIT_CONVERSION = YES;
				GCC_WARN_ABOUT_RETURN_TYPE = YES_ERROR;
				GCC_WARN_UNDECLARED_SELECTOR = YES;
				GCC_WARN_UNINITIALIZED_AUTOS = YES_AGGRESSIVE;
				GCC_WARN_UNUSED_FUNCTION = YES;
				GCC_WARN_UNUSED_VARIABLE = YES;
				MACOSX_DEPLOYMENT_TARGET = 10.10;
				MTL_ENABLE_DEBUG_INFO = YES;
				ONLY_ACTIVE_ARCH = YES;
				SDKROOT = macosx;
			};
			name = Debug;
		};
		D0FE30011AC9438500DA877B /* Release */ = {
			isa = XCBuildConfiguration;
			buildSettings = {
				ALWAYS_SEARCH_USER_PATHS = NO;
				CLANG_CXX_LANGUAGE_STANDARD = "gnu++0x";
				CLANG_CXX_LIBRARY = "libc++";
				CLANG_ENABLE_MODULES = YES;
				CLANG_ENABLE_OBJC_ARC = YES;
				CLANG_WARN_BOOL_CONVERSION = YES;
				CLANG_WARN_CONSTANT_CONVERSION = YES;
				CLANG_WARN_DIRECT_OBJC_ISA_USAGE = YES_ERROR;
				CLANG_WARN_EMPTY_BODY = YES;
				CLANG_WARN_ENUM_CONVERSION = YES;
				CLANG_WARN_INT_CONVERSION = YES;
				CLANG_WARN_OBJC_ROOT_CLASS = YES_ERROR;
				CLANG_WARN_UNREACHABLE_CODE = YES;
				CLANG_WARN__DUPLICATE_METHOD_MATCH = YES;
				COPY_PHASE_STRIP = NO;
				DEBUG_INFORMATION_FORMAT = "dwarf-with-dsym";
				ENABLE_NS_ASSERTIONS = NO;
				ENABLE_STRICT_OBJC_MSGSEND = YES;
				GCC_C_LANGUAGE_STANDARD = gnu99;
				GCC_WARN_64_TO_32_BIT_CONVERSION = YES;
				GCC_WARN_ABOUT_RETURN_TYPE = YES_ERROR;
				GCC_WARN_UNDECLARED_SELECTOR = YES;
				GCC_WARN_UNINITIALIZED_AUTOS = YES_AGGRESSIVE;
				GCC_WARN_UNUSED_FUNCTION = YES;
				GCC_WARN_UNUSED_VARIABLE = YES;
				MACOSX_DEPLOYMENT_TARGET = 10.10;
				MTL_ENABLE_DEBUG_INFO = NO;
				SDKROOT = macosx;
			};
			name = Release;
		};
		D0FE30031AC9438500DA877B /* Debug */ = {
			isa = XCBuildConfiguration;
			buildSettings = {
				ARCHS = "$(ARCHS_STANDARD)";
				CLANG_CXX_LANGUAGE_STANDARD = "gnu++0x";
				CLANG_CXX_LIBRARY = "libc++";
				HEADER_SEARCH_PATHS = (
					"$(inherited)",
					/Applications/Xcode.app/Contents/Developer/Toolchains/XcodeDefault.xctoolchain/usr/include,
					/usr/local/Cellar/boost/1.57.0/include,
					"/usr/local/Cellar/cpp-netlib/netlib/include",
					/usr/local/Cellar/libtomcrypt/1.17/include,
				);
				LIBRARY_SEARCH_PATHS = (
					"$(inherited)",
					"$(PROJECT_DIR)/leveldb",
					/usr/local/Cellar/boost/1.57.0/lib,
					"/usr/local/Cellar/cpp-netlib/netlib/lib",
					/usr/local/Cellar/libtomcrypt/1.17/lib,
				);
				OTHER_LDFLAGS = (
					"-lcurl",
					"-I\"rapidjson/include\"",
					"-lboost_system",
					"-lboost_system-mt",
					"-lboost_filesystem-mt",
					"-lboost_thread-mt",
					"-lcppnetlib-client-connections",
					"-lcppnetlib-uri",
					"-lcppnetlib-server-parsers",
					"-lssl",
					"-lcrypto",
					"-ltomcrypt",
				);
				PRODUCT_NAME = "$(TARGET_NAME)";
				USER_HEADER_SEARCH_PATHS = "rapidjson/include leveldb/include";
				VALID_ARCHS = "i386 x86_64";
			};
			name = Debug;
		};
		D0FE30041AC9438500DA877B /* Release */ = {
			isa = XCBuildConfiguration;
			buildSettings = {
				ARCHS = "$(ARCHS_STANDARD)";
				CLANG_CXX_LANGUAGE_STANDARD = "gnu++0x";
				CLANG_CXX_LIBRARY = "libc++";
				HEADER_SEARCH_PATHS = (
					"$(inherited)",
					/Applications/Xcode.app/Contents/Developer/Toolchains/XcodeDefault.xctoolchain/usr/include,
					/usr/local/Cellar/boost/1.57.0/include,
					"/usr/local/Cellar/cpp-netlib/netlib/include",
					/usr/local/Cellar/libtomcrypt/1.17/include,
				);
				LIBRARY_SEARCH_PATHS = (
					"$(inherited)",
					"$(PROJECT_DIR)/leveldb",
					/usr/local/Cellar/boost/1.57.0/lib,
					"/usr/local/Cellar/cpp-netlib/netlib/lib",
					/usr/local/Cellar/libtomcrypt/1.17/lib,
				);
				OTHER_LDFLAGS = (
					"-lcurl",
					"-I\"rapidjson/include\"",
					"-lboost_system",
					"-lboost_system-mt",
					"-lboost_filesystem-mt",
					"-lboost_thread-mt",
					"-lcppnetlib-client-connections",
					"-lcppnetlib-uri",
					"-lcppnetlib-server-parsers",
					"-lssl",
					"-lcrypto",
					"-ltomcrypt",
				);
				PRODUCT_NAME = "$(TARGET_NAME)";
				USER_HEADER_SEARCH_PATHS = "rapidjson/include leveldb/include";
				VALID_ARCHS = "i386 x86_64";
			};
			name = Release;
		};
/* End XCBuildConfiguration section */

/* Begin XCConfigurationList section */
		D0FE2FF61AC9438500DA877B /* Build configuration list for PBXProject "deduplicatus-cli" */ = {
			isa = XCConfigurationList;
			buildConfigurations = (
				D0FE30001AC9438500DA877B /* Debug */,
				D0FE30011AC9438500DA877B /* Release */,
			);
			defaultConfigurationIsVisible = 0;
			defaultConfigurationName = Release;
		};
		D0FE30021AC9438500DA877B /* Build configuration list for PBXNativeTarget "deduplicatus-cli" */ = {
			isa = XCConfigurationList;
			buildConfigurations = (
				D0FE30031AC9438500DA877B /* Debug */,
				D0FE30041AC9438500DA877B /* Release */,
			);
			defaultConfigurationIsVisible = 0;
			defaultConfigurationName = Release;
		};
/* End XCConfigurationList section */
	};
	rootObject = D0FE2FF31AC9438500DA877B /* Project object */;
}
